
Microsoft Visual Studio Solution File, Format Version 12.00
# Visual Studio Version 17
VisualStudioVersion = 17.13.35931.197
MinimumVisualStudioVersion = 10.0.40219.1
Project("{FAE04EC0-301F-11D3-BF4B-00C04F79EFBC}") = "file", "file\file.csproj", "{40A4909F-D187-4E23-A184-8F4742504F69}"
EndProject
Project("{FAE04EC0-301F-11D3-BF4B-00C04F79EFBC}") = "file2", "file2\file2.csproj", "{07085507-84C6-4F55-9387-48AB0E1BDF8F}"
EndProject
Project("{FAE04EC0-301F-11D3-BF4B-00C04F79EFBC}") = "file3", "file3\file3.csproj", "{B760E260-8AA2-4AD3-9D4D-3B03FC735721}"
EndProject
Project("{FAE04EC0-301F-11D3-BF4B-00C04F79EFBC}") = "pr1", "pr1\pr1.csproj", "{03FB0DA9-1A41-4434-9DDE-07199A4FB9D4}"
EndProject
Project("{FAE04EC0-301F-11D3-BF4B-00C04F79EFBC}") = "pr2", "pr2\pr2.csproj", "{F7765A5C-30A8-4500-9F35-E69D5A7E532D}"
EndProject
Project("{FAE04EC0-301F-11D3-BF4B-00C04F79EFBC}") = "pr3", "pr3\pr3.csproj", "{21FA6ED9-D8CE-4DFA-A171-E1D231C44F2C}"
EndProject
Project("{FAE04EC0-301F-11D3-BF4B-00C04F79EFBC}") = "pr4", "pr4\pr4.csproj", "{C545BB70-DE51-4C44-A780-D6BF26EE0B60}"
EndProject
Project("{FAE04EC0-301F-11D3-BF4B-00C04F79EFBC}") = "pr5", "pr5\pr5.csproj", "{1FA33857-09A8-4F5E-8F50-8DC7344CA4D1}"
EndProject
Global
	GlobalSection(SolutionConfigurationPlatforms) = preSolution
		Debug|Any CPU = Debug|Any CPU
		Release|Any CPU = Release|Any CPU
	EndGlobalSection
	GlobalSection(ProjectConfigurationPlatforms) = postSolution
		{40A4909F-D187-4E23-A184-8F4742504F69}.Debug|Any CPU.ActiveCfg = Debug|Any CPU
		{40A4909F-D187-4E23-A184-8F4742504F69}.Debug|Any CPU.Build.0 = Debug|Any CPU
		{40A4909F-D187-4E23-A184-8F4742504F69}.Release|Any CPU.ActiveCfg = Release|Any CPU
		{40A4909F-D187-4E23-A184-8F4742504F69}.Release|Any CPU.Build.0 = Release|Any CPU
		{07085507-84C6-4F55-9387-48AB0E1BDF8F}.Debug|Any CPU.ActiveCfg = Debug|Any CPU
		{07085507-84C6-4F55-9387-48AB0E1BDF8F}.Debug|Any CPU.Build.0 = Debug|Any CPU
		{07085507-84C6-4F55-9387-48AB0E1BDF8F}.Release|Any CPU.ActiveCfg = Release|Any CPU
		{07085507-84C6-4F55-9387-48AB0E1BDF8F}.Release|Any CPU.Build.0 = Release|Any CPU
		{B760E260-8AA2-4AD3-9D4D-3B03FC735721}.Debug|Any CPU.ActiveCfg = Debug|Any CPU
		{B760E260-8AA2-4AD3-9D4D-3B03FC735721}.Debug|Any CPU.Build.0 = Debug|Any CPU
		{B760E260-8AA2-4AD3-9D4D-3B03FC735721}.Release|Any CPU.ActiveCfg = Release|Any CPU
		{B760E260-8AA2-4AD3-9D4D-3B03FC735721}.Release|Any CPU.Build.0 = Release|Any CPU
		{03FB0DA9-1A41-4434-9DDE-07199A4FB9D4}.Debug|Any CPU.ActiveCfg = Debug|Any CPU
		{03FB0DA9-1A41-4434-9DDE-07199A4FB9D4}.Debug|Any CPU.Build.0 = Debug|Any CPU
		{03FB0DA9-1A41-4434-9DDE-07199A4FB9D4}.Release|Any CPU.ActiveCfg = Release|Any CPU
		{03FB0DA9-1A41-4434-9DDE-07199A4FB9D4}.Release|Any CPU.Build.0 = Release|Any CPU
		{F7765A5C-30A8-4500-9F35-E69D5A7E532D}.Debug|Any CPU.ActiveCfg = Debug|Any CPU
		{F7765A5C-30A8-4500-9F35-E69D5A7E532D}.Debug|Any CPU.Build.0 = Debug|Any CPU
		{F7765A5C-30A8-4500-9F35-E69D5A7E532D}.Release|Any CPU.ActiveCfg = Release|Any CPU
		{F7765A5C-30A8-4500-9F35-E69D5A7E532D}.Release|Any CPU.Build.0 = Release|Any CPU
		{21FA6ED9-D8CE-4DFA-A171-E1D231C44F2C}.Debug|Any CPU.ActiveCfg = Debug|Any CPU
		{21FA6ED9-D8CE-4DFA-A171-E1D231C44F2C}.Debug|Any CPU.Build.0 = Debug|Any CPU
		{21FA6ED9-D8CE-4DFA-A171-E1D231C44F2C}.Release|Any CPU.ActiveCfg = Release|Any CPU
		{21FA6ED9-D8CE-4DFA-A171-E1D231C44F2C}.Release|Any CPU.Build.0 = Release|Any CPU
		{C545BB70-DE51-4C44-A780-D6BF26EE0B60}.Debug|Any CPU.ActiveCfg = Debug|Any CPU
		{C545BB70-DE51-4C44-A780-D6BF26EE0B60}.Debug|Any CPU.Build.0 = Debug|Any CPU
		{C545BB70-DE51-4C44-A780-D6BF26EE0B60}.Release|Any CPU.ActiveCfg = Release|Any CPU
		{C545BB70-DE51-4C44-A780-D6BF26EE0B60}.Release|Any CPU.Build.0 = Release|Any CPU
		{1FA33857-09A8-4F5E-8F50-8DC7344CA4D1}.Debug|Any CPU.ActiveCfg = Debug|Any CPU
		{1FA33857-09A8-4F5E-8F50-8DC7344CA4D1}.Debug|Any CPU.Build.0 = Debug|Any CPU
		{1FA33857-09A8-4F5E-8F50-8DC7344CA4D1}.Release|Any CPU.ActiveCfg = Release|Any CPU
		{1FA33857-09A8-4F5E-8F50-8DC7344CA4D1}.Release|Any CPU.Build.0 = Release|Any CPU
	EndGlobalSection
	GlobalSection(SolutionProperties) = preSolution
		HideSolutionNode = FALSE
	EndGlobalSection
	GlobalSection(ExtensibilityGlobals) = postSolution
		SolutionGuid = {D5156AE6-C30B-4B58-822E-933474130228}
	EndGlobalSection
EndGlobal
