
Microsoft Visual Studio Solution File, Format Version 12.00
# Visual Studio Version 17
VisualStudioVersion = 17.13.35931.197 d17.13
MinimumVisualStudioVersion = 10.0.40219.1
Project("{FAE04EC0-301F-11D3-BF4B-00C04F79EFBC}") = "file", "file\file.csproj", "{40A4909F-D187-4E23-A184-8F4742504F69}"
EndProject
Global
	GlobalSection(SolutionConfigurationPlatforms) = preSolution
		Debug|Any CPU = Debug|Any CPU
		Release|Any CPU = Release|Any CPU
	EndGlobalSection
	GlobalSection(ProjectConfigurationPlatforms) = postSolution
		{40A4909F-D187-4E23-A184-8F4742504F69}.Debug|Any CPU.ActiveCfg = Debug|Any CPU
		{40A4909F-D187-4E23-A184-8F4742504F69}.Debug|Any CPU.Build.0 = Debug|Any CPU
		{40A4909F-D187-4E23-A184-8F4742504F69}.Release|Any CPU.ActiveCfg = Release|Any CPU
		{40A4909F-D187-4E23-A184-8F4742504F69}.Release|Any CPU.Build.0 = Release|Any CPU
	EndGlobalSection
	GlobalSection(SolutionProperties) = preSolution
		HideSolutionNode = FALSE
	EndGlobalSection
	GlobalSection(ExtensibilityGlobals) = postSolution
		SolutionGuid = {D5156AE6-C30B-4B58-822E-933474130228}
	EndGlobalSection
EndGlobal
